// !$*UTF8*$!
{
	archiveVersion = 1;
	classes = {
	};
	objectVersion = 46;
	objects = {

/* Begin PBXBuildFile section */
		995787DE158FECDF00E84854 /* UIKit.framework in Frameworks */ = {isa = PBXBuildFile; fileRef = 995787DD158FECDF00E84854 /* UIKit.framework */; };
		995787E0158FECDF00E84854 /* Foundation.framework in Frameworks */ = {isa = PBXBuildFile; fileRef = 995787DF158FECDF00E84854 /* Foundation.framework */; };
		995787E2158FECDF00E84854 /* CoreGraphics.framework in Frameworks */ = {isa = PBXBuildFile; fileRef = 995787E1158FECDF00E84854 /* CoreGraphics.framework */; };
		995787E8158FECDF00E84854 /* InfoPlist.strings in Resources */ = {isa = PBXBuildFile; fileRef = 995787E6158FECDF00E84854 /* InfoPlist.strings */; };
		995787EA158FECDF00E84854 /* main.m in Sources */ = {isa = PBXBuildFile; fileRef = 995787E9158FECDF00E84854 /* main.m */; };
		995787EE158FECDF00E84854 /* HelloWorldAppDelegate.m in Sources */ = {isa = PBXBuildFile; fileRef = 995787ED158FECDF00E84854 /* HelloWorldAppDelegate.m */; };
		995787F1158FECDF00E84854 /* MainStoryboard.storyboard in Resources */ = {isa = PBXBuildFile; fileRef = 995787EF158FECDF00E84854 /* MainStoryboard.storyboard */; };
		995787F4158FECDF00E84854 /* HelloWorldViewController.m in Sources */ = {isa = PBXBuildFile; fileRef = 995787F3158FECDF00E84854 /* HelloWorldViewController.m */; };
/* End PBXBuildFile section */

/* Begin PBXFileReference section */
		995787D9158FECDF00E84854 /* first-iOS-app.app */ = {isa = PBXFileReference; explicitFileType = wrapper.application; includeInIndex = 0; path = "first-iOS-app.app"; sourceTree = BUILT_PRODUCTS_DIR; };
		995787DD158FECDF00E84854 /* UIKit.framework */ = {isa = PBXFileReference; lastKnownFileType = wrapper.framework; name = UIKit.framework; path = System/Library/Frameworks/UIKit.framework; sourceTree = SDKROOT; };
		995787DF158FECDF00E84854 /* Foundation.framework */ = {isa = PBXFileReference; lastKnownFileType = wrapper.framework; name = Foundation.framework; path = System/Library/Frameworks/Foundation.framework; sourceTree = SDKROOT; };
		995787E1158FECDF00E84854 /* CoreGraphics.framework */ = {isa = PBXFileReference; lastKnownFileType = wrapper.framework; name = CoreGraphics.framework; path = System/Library/Frameworks/CoreGraphics.framework; sourceTree = SDKROOT; };
		995787E5158FECDF00E84854 /* first-iOS-app-Info.plist */ = {isa = PBXFileReference; lastKnownFileType = text.plist.xml; path = "first-iOS-app-Info.plist"; sourceTree = "<group>"; };
		995787E7158FECDF00E84854 /* en */ = {isa = PBXFileReference; lastKnownFileType = text.plist.strings; name = en; path = en.lproj/InfoPlist.strings; sourceTree = "<group>"; };
		995787E9158FECDF00E84854 /* main.m */ = {isa = PBXFileReference; lastKnownFileType = sourcecode.c.objc; path = main.m; sourceTree = "<group>"; };
		995787EB158FECDF00E84854 /* first-iOS-app-Prefix.pch */ = {isa = PBXFileReference; lastKnownFileType = sourcecode.c.h; path = "first-iOS-app-Prefix.pch"; sourceTree = "<group>"; };
		995787EC158FECDF00E84854 /* HelloWorldAppDelegate.h */ = {isa = PBXFileReference; lastKnownFileType = sourcecode.c.h; path = HelloWorldAppDelegate.h; sourceTree = "<group>"; };
		995787ED158FECDF00E84854 /* HelloWorldAppDelegate.m */ = {isa = PBXFileReference; lastKnownFileType = sourcecode.c.objc; path = HelloWorldAppDelegate.m; sourceTree = "<group>"; };
		995787F0158FECDF00E84854 /* en */ = {isa = PBXFileReference; lastKnownFileType = file.storyboard; name = en; path = en.lproj/MainStoryboard.storyboard; sourceTree = "<group>"; };
		995787F2158FECDF00E84854 /* HelloWorldViewController.h */ = {isa = PBXFileReference; lastKnownFileType = sourcecode.c.h; path = HelloWorldViewController.h; sourceTree = "<group>"; };
		995787F3158FECDF00E84854 /* HelloWorldViewController.m */ = {isa = PBXFileReference; lastKnownFileType = sourcecode.c.objc; path = HelloWorldViewController.m; sourceTree = "<group>"; };
/* End PBXFileReference section */

/* Begin PBXFrameworksBuildPhase section */
		995787D6158FECDF00E84854 /* Frameworks */ = {
			isa = PBXFrameworksBuildPhase;
			buildActionMask = 2147483647;
			files = (
				995787DE158FECDF00E84854 /* UIKit.framework in Frameworks */,
				995787E0158FECDF00E84854 /* Foundation.framework in Frameworks */,
				995787E2158FECDF00E84854 /* CoreGraphics.framework in Frameworks */,
			);
			runOnlyForDeploymentPostprocessing = 0;
		};
/* End PBXFrameworksBuildPhase section */

/* Begin PBXGroup section */
		995787CE158FECDF00E84854 = {
			isa = PBXGroup;
			children = (
				995787E3158FECDF00E84854 /* first-iOS-app */,
				995787DC158FECDF00E84854 /* Frameworks */,
				995787DA158FECDF00E84854 /* Products */,
			);
			sourceTree = "<group>";
		};
		995787DA158FECDF00E84854 /* Products */ = {
			isa = PBXGroup;
			children = (
				995787D9158FECDF00E84854 /* first-iOS-app.app */,
			);
			name = Products;
			sourceTree = "<group>";
		};
		995787DC158FECDF00E84854 /* Frameworks */ = {
			isa = PBXGroup;
			children = (
				995787DD158FECDF00E84854 /* UIKit.framework */,
				995787DF158FECDF00E84854 /* Foundation.framework */,
				995787E1158FECDF00E84854 /* CoreGraphics.framework */,
			);
			name = Frameworks;
			sourceTree = "<group>";
		};
		995787E3158FECDF00E84854 /* first-iOS-app */ = {
			isa = PBXGroup;
			children = (
				995787EC158FECDF00E84854 /* HelloWorldAppDelegate.h */,
				995787ED158FECDF00E84854 /* HelloWorldAppDelegate.m */,
				995787EF158FECDF00E84854 /* MainStoryboard.storyboard */,
				995787F2158FECDF00E84854 /* HelloWorldViewController.h */,
				995787F3158FECDF00E84854 /* HelloWorldViewController.m */,
				995787E4158FECDF00E84854 /* Supporting Files */,
			);
			path = "first-iOS-app";
			sourceTree = "<group>";
		};
		995787E4158FECDF00E84854 /* Supporting Files */ = {
			isa = PBXGroup;
			children = (
				995787E5158FECDF00E84854 /* first-iOS-app-Info.plist */,
				995787E6158FECDF00E84854 /* InfoPlist.strings */,
				995787E9158FECDF00E84854 /* main.m */,
				995787EB158FECDF00E84854 /* first-iOS-app-Prefix.pch */,
			);
			name = "Supporting Files";
			sourceTree = "<group>";
		};
/* End PBXGroup section */

/* Begin PBXNativeTarget section */
		995787D8158FECDF00E84854 /* first-iOS-app */ = {
			isa = PBXNativeTarget;
			buildConfigurationList = 995787F7158FECDF00E84854 /* Build configuration list for PBXNativeTarget "first-iOS-app" */;
			buildPhases = (
				995787D5158FECDF00E84854 /* Sources */,
				995787D6158FECDF00E84854 /* Frameworks */,
				995787D7158FECDF00E84854 /* Resources */,
			);
			buildRules = (
			);
			dependencies = (
			);
			name = "first-iOS-app";
			productName = "first-iOS-app";
			productReference = 995787D9158FECDF00E84854 /* first-iOS-app.app */;
			productType = "com.apple.product-type.application";
		};
/* End PBXNativeTarget section */

/* Begin PBXProject section */
		995787D0158FECDF00E84854 /* Project object */ = {
			isa = PBXProject;
			attributes = {
				CLASSPREFIX = HelloWorld;
				LastUpgradeCheck = 0430;
			};
			buildConfigurationList = 995787D3158FECDF00E84854 /* Build configuration list for PBXProject "first-iOS-app" */;
			compatibilityVersion = "Xcode 3.2";
			developmentRegion = English;
			hasScannedForEncodings = 0;
			knownRegions = (
				en,
			);
			mainGroup = 995787CE158FECDF00E84854;
			productRefGroup = 995787DA158FECDF00E84854 /* Products */;
			projectDirPath = "";
			projectRoot = "";
			targets = (
				995787D8158FECDF00E84854 /* first-iOS-app */,
			);
		};
/* End PBXProject section */

/* Begin PBXResourcesBuildPhase section */
		995787D7158FECDF00E84854 /* Resources */ = {
			isa = PBXResourcesBuildPhase;
			buildActionMask = 2147483647;
			files = (
				995787E8158FECDF00E84854 /* InfoPlist.strings in Resources */,
				995787F1158FECDF00E84854 /* MainStoryboard.storyboard in Resources */,
			);
			runOnlyForDeploymentPostprocessing = 0;
		};
/* End PBXResourcesBuildPhase section */

/* Begin PBXSourcesBuildPhase section */
		995787D5158FECDF00E84854 /* Sources */ = {
			isa = PBXSourcesBuildPhase;
			buildActionMask = 2147483647;
			files = (
				995787EA158FECDF00E84854 /* main.m in Sources */,
				995787EE158FECDF00E84854 /* HelloWorldAppDelegate.m in Sources */,
				995787F4158FECDF00E84854 /* HelloWorldViewController.m in Sources */,
			);
			runOnlyForDeploymentPostprocessing = 0;
		};
/* End PBXSourcesBuildPhase section */

/* Begin PBXVariantGroup section */
		995787E6158FECDF00E84854 /* InfoPlist.strings */ = {
			isa = PBXVariantGroup;
			children = (
				995787E7158FECDF00E84854 /* en */,
			);
			name = InfoPlist.strings;
			sourceTree = "<group>";
		};
		995787EF158FECDF00E84854 /* MainStoryboard.storyboard */ = {
			isa = PBXVariantGroup;
			children = (
				995787F0158FECDF00E84854 /* en */,
			);
			name = MainStoryboard.storyboard;
			sourceTree = "<group>";
		};
/* End PBXVariantGroup section */

/* Begin XCBuildConfiguration section */
		995787F5158FECDF00E84854 /* Debug */ = {
			isa = XCBuildConfiguration;
			buildSettings = {
				ALWAYS_SEARCH_USER_PATHS = NO;
				ARCHS = "$(ARCHS_STANDARD_32_BIT)";
				CLANG_ENABLE_OBJC_ARC = YES;
				"CODE_SIGN_IDENTITY[sdk=iphoneos*]" = "iPhone Developer";
				COPY_PHASE_STRIP = NO;
				GCC_C_LANGUAGE_STANDARD = gnu99;
				GCC_DYNAMIC_NO_PIC = NO;
				GCC_OPTIMIZATION_LEVEL = 0;
				GCC_PREPROCESSOR_DEFINITIONS = (
					"DEBUG=1",
					"$(inherited)",
				);
				GCC_SYMBOLS_PRIVATE_EXTERN = NO;
				GCC_VERSION = com.apple.compilers.llvm.clang.1_0;
				GCC_WARN_ABOUT_RETURN_TYPE = YES;
				GCC_WARN_UNINITIALIZED_AUTOS = YES;
				GCC_WARN_UNUSED_VARIABLE = YES;
				IPHONEOS_DEPLOYMENT_TARGET = 5.1;
				SDKROOT = iphoneos;
			};
			name = Debug;
		};
		995787F6158FECDF00E84854 /* Release */ = {
			isa = XCBuildConfiguration;
			buildSettings = {
				ALWAYS_SEARCH_USER_PATHS = NO;
				ARCHS = "$(ARCHS_STANDARD_32_BIT)";
				CLANG_ENABLE_OBJC_ARC = YES;
				"CODE_SIGN_IDENTITY[sdk=iphoneos*]" = "iPhone Developer";
				COPY_PHASE_STRIP = YES;
				GCC_C_LANGUAGE_STANDARD = gnu99;
				GCC_VERSION = com.apple.compilers.llvm.clang.1_0;
				GCC_WARN_ABOUT_RETURN_TYPE = YES;
				GCC_WARN_UNINITIALIZED_AUTOS = YES;
				GCC_WARN_UNUSED_VARIABLE = YES;
				IPHONEOS_DEPLOYMENT_TARGET = 5.1;
				OTHER_CFLAGS = "-DNS_BLOCK_ASSERTIONS=1";
				SDKROOT = iphoneos;
				VALIDATE_PRODUCT = YES;
			};
			name = Release;
		};
		995787F8158FECDF00E84854 /* Debug */ = {
			isa = XCBuildConfiguration;
			buildSettings = {
				GCC_PRECOMPILE_PREFIX_HEADER = YES;
				GCC_PREFIX_HEADER = "first-iOS-app/first-iOS-app-Prefix.pch";
				INFOPLIST_FILE = "first-iOS-app/first-iOS-app-Info.plist";
				PRODUCT_NAME = "$(TARGET_NAME)";
				WRAPPER_EXTENSION = app;
			};
			name = Debug;
		};
		995787F9158FECDF00E84854 /* Release */ = {
			isa = XCBuildConfiguration;
			buildSettings = {
				GCC_PRECOMPILE_PREFIX_HEADER = YES;
				GCC_PREFIX_HEADER = "first-iOS-app/first-iOS-app-Prefix.pch";
				INFOPLIST_FILE = "first-iOS-app/first-iOS-app-Info.plist";
				PRODUCT_NAME = "$(TARGET_NAME)";
				WRAPPER_EXTENSION = app;
			};
			name = Release;
		};
/* End XCBuildConfiguration section */

/* Begin XCConfigurationList section */
		995787D3158FECDF00E84854 /* Build configuration list for PBXProject "first-iOS-app" */ = {
			isa = XCConfigurationList;
			buildConfigurations = (
				995787F5158FECDF00E84854 /* Debug */,
				995787F6158FECDF00E84854 /* Release */,
			);
			defaultConfigurationIsVisible = 0;
			defaultConfigurationName = Release;
		};
		995787F7158FECDF00E84854 /* Build configuration list for PBXNativeTarget "first-iOS-app" */ = {
			isa = XCConfigurationList;
			buildConfigurations = (
				995787F8158FECDF00E84854 /* Debug */,
				995787F9158FECDF00E84854 /* Release */,
			);
			defaultConfigurationIsVisible = 0;
		};
/* End XCConfigurationList section */
	};
	rootObject = 995787D0158FECDF00E84854 /* Project object */;
}
